<?xml version="1.0" encoding="utf-8"?>
<Project ToolsVersion="4.0" xmlns="http://schemas.microsoft.com/developer/msbuild/2003">
  <ItemGroup>
    <Filter Include="Source Files">
      <UniqueIdentifier>{4FC737F1-C7A5-4376-A066-2A32D752A2FF}</UniqueIdentifier>
      <Extensions>cpp;c;cc;cxx;c++;cppm;ixx;def;odl;idl;hpj;bat;asm;asmx</Extensions>
    </Filter>
    <Filter Include="Header Files">
      <UniqueIdentifier>{93995380-89BD-4b04-88EB-625FBE52EBFB}</UniqueIdentifier>
      <Extensions>h;hh;hpp;hxx;h++;hm;inl;inc;ipp;xsd</Extensions>
    </Filter>
    <Filter Include="Resource Files">
      <UniqueIdentifier>{67DA6AB6-F800-4c08-8B7A-83BB121AAD01}</UniqueIdentifier>
      <Extensions>rc;ico;cur;bmp;dlg;rc2;rct;bin;rgs;gif;jpg;jpeg;jpe;resx;tiff;tif;png;wav;mfcribbon-ms</Extensions>
    </Filter>
    <Filter Include="Controllers">
      <UniqueIdentifier>{16ec797a-cde6-40bd-a6dc-1296ac78fec8}</UniqueIdentifier>
    </Filter>
  </ItemGroup>
  <ItemGroup>
    <ClInclude Include="appconfig.h">
      <Filter>Header Files</Filter>
    </ClInclude>
    <ClInclude Include="db.h">
      <Filter>Header Files</Filter>
    </ClInclude>
    <ClInclude Include="mvc.h">
      <Filter>Header Files</Filter>
    </ClInclude>
    <ClInclude Include="home.h">
      <Filter>Header Files</Filter>
    </ClInclude>
    <ClInclude Include="product.h">
      <Filter>Header Files</Filter>
    </ClInclude>
    <ClInclude Include="dbreader.h">
      <Filter>Header Files</Filter>
    </ClInclude>
    <ClInclude Include="request.h">
      <Filter>Header Files</Filter>
    </ClInclude>
    <ClInclude Include="staticfile.h">
      <Filter>Header Files</Filter>
    </ClInclude>
    <ClInclude Include="response.h">
      <Filter>Header Files</Filter>
    </ClInclude>
    <ClInclude Include="httpcontext.h">
      <Filter>Header Files</Filter>
    </ClInclude>
    <ClInclude Include="routing.h">
      <Filter>Header Files</Filter>
    </ClInclude>
    <ClInclude Include="controllers.h">
      <Filter>Header Files</Filter>
    </ClInclude>
    <ClInclude Include="middleware.h">
      <Filter>Header Files</Filter>
    </ClInclude>
    <ClInclude Include="action.h">
      <Filter>Header Files</Filter>
    </ClInclude>
    <ClInclude Include="initiator.h">
      <Filter>Header Files</Filter>
    </ClInclude>
    <ClInclude Include="identity.h">
      <Filter>Header Files</Filter>
    </ClInclude>
    <ClInclude Include="login.h">
      <Filter>Header Files</Filter>
    </ClInclude>
    <ClInclude Include="sqlhelper.h">
      <Filter>Header Files</Filter>
    </ClInclude>
    <ClInclude Include="service.h">
      <Filter>Header Files</Filter>
    </ClInclude>
    <ClInclude Include="smtp.h">
      <Filter>Header Files</Filter>
    </ClInclude>
    <ClInclude Include="layoutmanager.h">
      <Filter>Header Files</Filter>
    </ClInclude>
    <ClInclude Include="dbinitializer.h">
      <Filter>Header Files</Filter>
    </ClInclude>
    <ClInclude Include="crypto.h">
      <Filter>Header Files</Filter>
    </ClInclude>
    <ClInclude Include="server.h">
      <Filter>Header Files</Filter>
    </ClInclude>
    <ClInclude Include="pages.h">
      <Filter>Header Files</Filter>
    </ClInclude>
    <ClInclude Include="dbconnpool.h">
      <Filter>Header Files</Filter>
    </ClInclude>
    <ClInclude Include="dynamicform.h">
      <Filter>Header Files</Filter>
    </ClInclude>
    <ClInclude Include="resource.h">
      <Filter>Header Files</Filter>
    </ClInclude>
    <ClInclude Include="requesthandler.h">
      <Filter>Header Files</Filter>
    </ClInclude>
    <ClInclude Include="sslcm.h">
      <Filter>Header Files</Filter>
    </ClInclude>
    <ClInclude Include="bufpool.h">
      <Filter>Header Files</Filter>
    </ClInclude>
    <ClInclude Include="bufspan.h">
      <Filter>Header Files</Filter>
    </ClInclude>
    <ClInclude Include="sslconn.h">
      <Filter>Header Files</Filter>
    </ClInclude>
    <ClInclude Include="conn.h">
      <Filter>Header Files</Filter>
    </ClInclude>
  </ItemGroup>
  <ItemGroup>
    <ClCompile Include="appconfig.cpp">
      <Filter>Source Files</Filter>
    </ClCompile>
    <ClCompile Include="db.cpp">
      <Filter>Source Files</Filter>
    </ClCompile>
    <ClCompile Include="main.cpp">
      <Filter>Source Files</Filter>
    </ClCompile>
    <ClCompile Include="mvc.cpp">
      <Filter>Source Files</Filter>
    </ClCompile>
    <ClCompile Include="home.cpp">
      <Filter>Source Files</Filter>
    </ClCompile>
    <ClCompile Include="product.cpp">
      <Filter>Source Files</Filter>
    </ClCompile>
    <ClCompile Include="dbreader.cpp">
      <Filter>Source Files</Filter>
    </ClCompile>
    <ClCompile Include="request.cpp">
      <Filter>Source Files</Filter>
    </ClCompile>
    <ClCompile Include="staticfile.cpp">
      <Filter>Source Files</Filter>
    </ClCompile>
    <ClCompile Include="response.cpp">
      <Filter>Source Files</Filter>
    </ClCompile>
    <ClCompile Include="httpcontext.cpp">
      <Filter>Source Files</Filter>
    </ClCompile>
    <ClCompile Include="routing.cpp">
      <Filter>Source Files</Filter>
    </ClCompile>
    <ClCompile Include="middleware.cpp">
      <Filter>Source Files</Filter>
    </ClCompile>
    <ClCompile Include="action.cpp">
      <Filter>Source Files</Filter>
    </ClCompile>
    <ClCompile Include="identity.cpp">
      <Filter>Source Files</Filter>
    </ClCompile>
    <ClCompile Include="login.cpp">
      <Filter>Source Files</Filter>
    </ClCompile>
    <ClCompile Include="sqlhelper.cpp">
      <Filter>Source Files</Filter>
    </ClCompile>
    <ClCompile Include="service.cpp">
      <Filter>Source Files</Filter>
    </ClCompile>
    <ClCompile Include="smtp.cpp">
      <Filter>Source Files</Filter>
    </ClCompile>
    <ClCompile Include="layoutmanager.cpp">
      <Filter>Source Files</Filter>
    </ClCompile>
    <ClCompile Include="dbinitializer.cpp">
      <Filter>Source Files</Filter>
    </ClCompile>
    <ClCompile Include="crypto.cpp">
      <Filter>Source Files</Filter>
    </ClCompile>
    <ClCompile Include="server.cpp">
      <Filter>Source Files</Filter>
    </ClCompile>
    <ClCompile Include="pages.cpp">
      <Filter>Source Files</Filter>
    </ClCompile>
    <ClCompile Include="dbconnpool.cpp">
      <Filter>Source Files</Filter>
    </ClCompile>
    <ClCompile Include="dynamicform.cpp">
      <Filter>Source Files</Filter>
    </ClCompile>
    <ClCompile Include="requesthandler.cpp">
      <Filter>Source Files</Filter>
    </ClCompile>
    <ClCompile Include="sslcm.cpp">
      <Filter>Source Files</Filter>
    </ClCompile>
    <ClCompile Include="bufpool.cpp">
      <Filter>Source Files</Filter>
    </ClCompile>
    <ClCompile Include="bufspan.cpp">
      <Filter>Source Files</Filter>
    </ClCompile>
    <ClCompile Include="sslconn.cpp">
      <Filter>Source Files</Filter>
    </ClCompile>
    <ClCompile Include="conn.cpp">
      <Filter>Source Files</Filter>
    </ClCompile>
  </ItemGroup>
  <ItemGroup>
    <ResourceCompile Include="SimpleWeb.rc">
      <Filter>Resource Files</Filter>
    </ResourceCompile>
  </ItemGroup>
  <ItemGroup>
    <Image Include="C:\Users\dell\Downloads\icon-bizmate.ico">
      <Filter>Resource Files</Filter>
    </Image>
  </ItemGroup>
</Project>